
Microsoft Visual Studio Solution File, Format Version 12.00
# Visual Studio Version 16
VisualStudioVersion = 16.0.31321.278
MinimumVisualStudioVersion = 10.0.40219.1
Project("{FAE04EC0-301F-11D3-BF4B-00C04F79EFBC}") = "CornyFlakezPlugin", "CornyFlakezPlugin\CornyFlakezPlugin.csproj", "{1CE2A15E-A1E8-42A9-A7C5-A39E147C9C08}"
EndProject
Project("{FAE04EC0-301F-11D3-BF4B-00C04F79EFBC}") = "CornyFlakezPlugin2", "CornyFlakezPlugin2\CornyFlakezPlugin2.csproj", "{A27029E2-24AF-4F94-A707-92A9C663B644}"
EndProject
Global
	GlobalSection(SolutionConfigurationPlatforms) = preSolution
		Debug|Any CPU = Debug|Any CPU
		Debug|x64 = Debug|x64
		Debug|x86 = Debug|x86
		Release|Any CPU = Release|Any CPU
		Release|x64 = Release|x64
		Release|x86 = Release|x86
	EndGlobalSection
	GlobalSection(ProjectConfigurationPlatforms) = postSolution
		{1CE2A15E-A1E8-42A9-A7C5-A39E147C9C08}.Debug|Any CPU.ActiveCfg = Debug|Any CPU
		{1CE2A15E-A1E8-42A9-A7C5-A39E147C9C08}.Debug|Any CPU.Build.0 = Debug|Any CPU
		{1CE2A15E-A1E8-42A9-A7C5-A39E147C9C08}.Debug|x64.ActiveCfg = Debug|Any CPU
		{1CE2A15E-A1E8-42A9-A7C5-A39E147C9C08}.Debug|x64.Build.0 = Debug|Any CPU
		{1CE2A15E-A1E8-42A9-A7C5-A39E147C9C08}.Debug|x86.ActiveCfg = Debug|Any CPU
		{1CE2A15E-A1E8-42A9-A7C5-A39E147C9C08}.Debug|x86.Build.0 = Debug|Any CPU
		{1CE2A15E-A1E8-42A9-A7C5-A39E147C9C08}.Release|Any CPU.ActiveCfg = Release|Any CPU
		{1CE2A15E-A1E8-42A9-A7C5-A39E147C9C08}.Release|Any CPU.Build.0 = Release|Any CPU
		{1CE2A15E-A1E8-42A9-A7C5-A39E147C9C08}.Release|x64.ActiveCfg = Release|Any CPU
		{1CE2A15E-A1E8-42A9-A7C5-A39E147C9C08}.Release|x64.Build.0 = Release|Any CPU
		{1CE2A15E-A1E8-42A9-A7C5-A39E147C9C08}.Release|x86.ActiveCfg = Release|Any CPU
		{1CE2A15E-A1E8-42A9-A7C5-A39E147C9C08}.Release|x86.Build.0 = Release|Any CPU
		{0B165A0B-F674-492A-80A9-AB529AFC9A63}.Debug|Any CPU.ActiveCfg = Debug|Any CPU
		{0B165A0B-F674-492A-80A9-AB529AFC9A63}.Debug|Any CPU.Build.0 = Debug|Any CPU
		{0B165A0B-F674-492A-80A9-AB529AFC9A63}.Debug|x64.ActiveCfg = Debug|Any CPU
		{0B165A0B-F674-492A-80A9-AB529AFC9A63}.Debug|x64.Build.0 = Debug|Any CPU
		{0B165A0B-F674-492A-80A9-AB529AFC9A63}.Debug|x86.ActiveCfg = Debug|Any CPU
		{0B165A0B-F674-492A-80A9-AB529AFC9A63}.Debug|x86.Build.0 = Debug|Any CPU
		{0B165A0B-F674-492A-80A9-AB529AFC9A63}.Release|Any CPU.ActiveCfg = Release|Any CPU
		{0B165A0B-F674-492A-80A9-AB529AFC9A63}.Release|Any CPU.Build.0 = Release|Any CPU
		{0B165A0B-F674-492A-80A9-AB529AFC9A63}.Release|x64.ActiveCfg = Release|Any CPU
		{0B165A0B-F674-492A-80A9-AB529AFC9A63}.Release|x64.Build.0 = Release|Any CPU
		{0B165A0B-F674-492A-80A9-AB529AFC9A63}.Release|x86.ActiveCfg = Release|Any CPU
		{0B165A0B-F674-492A-80A9-AB529AFC9A63}.Release|x86.Build.0 = Release|Any CPU
		{A27029E2-24AF-4F94-A707-92A9C663B644}.Debug|Any CPU.ActiveCfg = Debug|Any CPU
		{A27029E2-24AF-4F94-A707-92A9C663B644}.Debug|Any CPU.Build.0 = Debug|Any CPU
		{A27029E2-24AF-4F94-A707-92A9C663B644}.Debug|x64.ActiveCfg = Debug|Any CPU
		{A27029E2-24AF-4F94-A707-92A9C663B644}.Debug|x64.Build.0 = Debug|Any CPU
		{A27029E2-24AF-4F94-A707-92A9C663B644}.Debug|x86.ActiveCfg = Debug|Any CPU
		{A27029E2-24AF-4F94-A707-92A9C663B644}.Debug|x86.Build.0 = Debug|Any CPU
		{A27029E2-24AF-4F94-A707-92A9C663B644}.Release|Any CPU.ActiveCfg = Release|Any CPU
		{A27029E2-24AF-4F94-A707-92A9C663B644}.Release|Any CPU.Build.0 = Release|Any CPU
		{A27029E2-24AF-4F94-A707-92A9C663B644}.Release|x64.ActiveCfg = Release|Any CPU
		{A27029E2-24AF-4F94-A707-92A9C663B644}.Release|x64.Build.0 = Release|Any CPU
		{A27029E2-24AF-4F94-A707-92A9C663B644}.Release|x86.ActiveCfg = Release|Any CPU
		{A27029E2-24AF-4F94-A707-92A9C663B644}.Release|x86.Build.0 = Release|Any CPU
	EndGlobalSection
	GlobalSection(SolutionProperties) = preSolution
		HideSolutionNode = FALSE
	EndGlobalSection
	GlobalSection(ExtensibilityGlobals) = postSolution
		SolutionGuid = {33CC0C6E-48D5-49DC-A1A2-801E5740FE45}
	EndGlobalSection
EndGlobal
